{
  "object": {
    "pins": [
      {
        "package": "CombineCocoa",
        "repositoryURL": "https://github.com/CombineCommunity/CombineCocoa.git",
        "state": {
          "branch": null,
          "revision": "4e262c2f9fb1cee1cb3be5717f7e6b55eb823971",
          "version": "0.4.0"
        }
      },
      {
        "package": "CombineNetworking",
        "repositoryURL": "https://github.com/kvasnetskyi/CombineNetworking",
        "state": {
          "branch": null,
          "revision": "61ca6200f81a292d37e006f6011c788141b04ca4",
          "version": "0.1.0"
        }
      },
      {
        "package": "KeyboardLayoutGuide",
        "repositoryURL": "https://github.com/freshOS/KeyboardLayoutGuide",
        "state": {
          "branch": null,
          "revision": "b14abc2ff6a6b934b81b7004edb65f910ac68bdc",
          "version": "1.8.0"
        }
      },
      {
        "package": "KeychainAccess",
        "repositoryURL": "https://github.com/kishikawakatsumi/KeychainAccess",
        "state": {
          "branch": null,
          "revision": "84e546727d66f1adc5439debad16270d0fdd04e7",
          "version": "4.2.2"
        }
      },
      {
        "package": "Swinject",
        "repositoryURL": "https://github.com/Swinject/Swinject",
        "state": {
          "branch": null,
          "revision": "f10b6e9ebff440f985c43008f7c2d097639fcb81",
          "version": "2.8.1"
        }
      }
    ]
  },
  "version": 1
}
